
Microsoft Visual Studio Solution File, Format Version 12.00
# Visual Studio Version 17
VisualStudioVersion = 17.3.32819.101
MinimumVisualStudioVersion = 10.0.40219.1
Project("{FAE04EC0-301F-11D3-BF4B-00C04F79EFBC}") = "WebApplication6", "WebApplication6.csproj", "{DC7A1782-E9C7-4CFB-A5BD-A3C01D85CD90}"
EndProject
Global
	GlobalSection(SolutionConfigurationPlatforms) = preSolution
		Debug|Any CPU = Debug|Any CPU
		Release|Any CPU = Release|Any CPU
	EndGlobalSection
	GlobalSection(ProjectConfigurationPlatforms) = postSolution
		{DC7A1782-E9C7-4CFB-A5BD-A3C01D85CD90}.Debug|Any CPU.ActiveCfg = Debug|Any CPU
		{DC7A1782-E9C7-4CFB-A5BD-A3C01D85CD90}.Debug|Any CPU.Build.0 = Debug|Any CPU
		{DC7A1782-E9C7-4CFB-A5BD-A3C01D85CD90}.Release|Any CPU.ActiveCfg = Release|Any CPU
		{DC7A1782-E9C7-4CFB-A5BD-A3C01D85CD90}.Release|Any CPU.Build.0 = Release|Any CPU
	EndGlobalSection
	GlobalSection(SolutionProperties) = preSolution
		HideSolutionNode = FALSE
	EndGlobalSection
	GlobalSection(ExtensibilityGlobals) = postSolution
		SolutionGuid = {A1F41F09-CA85-42FC-8229-C86834D74E25}
	EndGlobalSection
EndGlobal
